
Microsoft Visual Studio Solution File, Format Version 12.00
# Visual Studio Version 16
VisualStudioVersion = 16.0.30413.136
MinimumVisualStudioVersion = 10.0.40219.1
Project("{FAE04EC0-301F-11D3-BF4B-00C04F79EFBC}") = "Перемешанные карты", "Перемешанные карты\Перемешанные карты.csproj", "{CD0524BD-54C8-49E3-9A96-4E6B27DA6BCC}"
EndProject
Global
	GlobalSection(SolutionConfigurationPlatforms) = preSolution
		Debug|Any CPU = Debug|Any CPU
		Release|Any CPU = Release|Any CPU
	EndGlobalSection
	GlobalSection(ProjectConfigurationPlatforms) = postSolution
		{CD0524BD-54C8-49E3-9A96-4E6B27DA6BCC}.Debug|Any CPU.ActiveCfg = Debug|Any CPU
		{CD0524BD-54C8-49E3-9A96-4E6B27DA6BCC}.Debug|Any CPU.Build.0 = Debug|Any CPU
		{CD0524BD-54C8-49E3-9A96-4E6B27DA6BCC}.Release|Any CPU.ActiveCfg = Release|Any CPU
		{CD0524BD-54C8-49E3-9A96-4E6B27DA6BCC}.Release|Any CPU.Build.0 = Release|Any CPU
	EndGlobalSection
	GlobalSection(SolutionProperties) = preSolution
		HideSolutionNode = FALSE
	EndGlobalSection
	GlobalSection(ExtensibilityGlobals) = postSolution
		SolutionGuid = {91B6AFAA-D0F6-41EC-BDD8-7681714541C6}
	EndGlobalSection
EndGlobal
