
Microsoft Visual Studio Solution File, Format Version 12.00
# Visual Studio Version 16
VisualStudioVersion = 16.0.30621.155
MinimumVisualStudioVersion = 10.0.40219.1
Project("{9A19103F-16F7-4668-BE54-9A1E7A4F7556}") = "Task_1", "Task_1.2\Task_1.csproj", "{FEDC45DD-7E26-4730-B5E7-E50705760C68}"
EndProject
Project("{9A19103F-16F7-4668-BE54-9A1E7A4F7556}") = "Task_2", "Task_2.2\Task_2.csproj", "{AED058B6-ED50-46F1-A123-0E2710FB7077}"
EndProject
Project("{9A19103F-16F7-4668-BE54-9A1E7A4F7556}") = "Task_3", "Task_3.2\Task_3.csproj", "{05005D22-AF5B-4EB4-A311-6AF1ACE057ED}"
EndProject
Project("{9A19103F-16F7-4668-BE54-9A1E7A4F7556}") = "Task_5", "Task_5.1\Task_5.csproj", "{8549C7B3-8A76-4AB0-BC11-99BDDA8E25EA}"
EndProject
Project("{9A19103F-16F7-4668-BE54-9A1E7A4F7556}") = "Task_6", "Task_6.2\Task_6.csproj", "{ADD7E9A3-01D9-416A-8F70-92F135C8D9BB}"
EndProject
Project("{9A19103F-16F7-4668-BE54-9A1E7A4F7556}") = "Task_7", "Task_7.2\Task_7.csproj", "{1E373492-8803-4E8A-BCCF-B97410D66273}"
EndProject
Project("{9A19103F-16F7-4668-BE54-9A1E7A4F7556}") = "Task_8", "Task_8.2\Task_8.csproj", "{3079967F-F0C7-4A42-8FB9-66BB458BF647}"
EndProject
Project("{9A19103F-16F7-4668-BE54-9A1E7A4F7556}") = "Task_9", "Task_9.2\Task_9.csproj", "{872FD4D6-DCED-4CE7-B28C-A04AC7AC8F90}"
EndProject
Project("{9A19103F-16F7-4668-BE54-9A1E7A4F7556}") = "Task_10", "Task_10.2\Task_10.csproj", "{6BC6D0F6-91E8-479F-9B4E-F92661DFB352}"
EndProject
Project("{9A19103F-16F7-4668-BE54-9A1E7A4F7556}") = "Task_4", "Task_4.1\Task_4.csproj", "{2F2D1AD6-D3E2-4C4F-8CF5-22954DBE6023}"
EndProject
Global
	GlobalSection(SolutionConfigurationPlatforms) = preSolution
		Debug|Any CPU = Debug|Any CPU
		Release|Any CPU = Release|Any CPU
	EndGlobalSection
	GlobalSection(ProjectConfigurationPlatforms) = postSolution
		{FEDC45DD-7E26-4730-B5E7-E50705760C68}.Debug|Any CPU.ActiveCfg = Debug|Any CPU
		{FEDC45DD-7E26-4730-B5E7-E50705760C68}.Debug|Any CPU.Build.0 = Debug|Any CPU
		{FEDC45DD-7E26-4730-B5E7-E50705760C68}.Release|Any CPU.ActiveCfg = Release|Any CPU
		{FEDC45DD-7E26-4730-B5E7-E50705760C68}.Release|Any CPU.Build.0 = Release|Any CPU
		{AED058B6-ED50-46F1-A123-0E2710FB7077}.Debug|Any CPU.ActiveCfg = Debug|Any CPU
		{AED058B6-ED50-46F1-A123-0E2710FB7077}.Debug|Any CPU.Build.0 = Debug|Any CPU
		{AED058B6-ED50-46F1-A123-0E2710FB7077}.Release|Any CPU.ActiveCfg = Release|Any CPU
		{AED058B6-ED50-46F1-A123-0E2710FB7077}.Release|Any CPU.Build.0 = Release|Any CPU
		{05005D22-AF5B-4EB4-A311-6AF1ACE057ED}.Debug|Any CPU.ActiveCfg = Debug|Any CPU
		{05005D22-AF5B-4EB4-A311-6AF1ACE057ED}.Debug|Any CPU.Build.0 = Debug|Any CPU
		{05005D22-AF5B-4EB4-A311-6AF1ACE057ED}.Release|Any CPU.ActiveCfg = Release|Any CPU
		{05005D22-AF5B-4EB4-A311-6AF1ACE057ED}.Release|Any CPU.Build.0 = Release|Any CPU
		{8549C7B3-8A76-4AB0-BC11-99BDDA8E25EA}.Debug|Any CPU.ActiveCfg = Debug|Any CPU
		{8549C7B3-8A76-4AB0-BC11-99BDDA8E25EA}.Debug|Any CPU.Build.0 = Debug|Any CPU
		{8549C7B3-8A76-4AB0-BC11-99BDDA8E25EA}.Release|Any CPU.ActiveCfg = Release|Any CPU
		{8549C7B3-8A76-4AB0-BC11-99BDDA8E25EA}.Release|Any CPU.Build.0 = Release|Any CPU
		{ADD7E9A3-01D9-416A-8F70-92F135C8D9BB}.Debug|Any CPU.ActiveCfg = Debug|Any CPU
		{ADD7E9A3-01D9-416A-8F70-92F135C8D9BB}.Debug|Any CPU.Build.0 = Debug|Any CPU
		{ADD7E9A3-01D9-416A-8F70-92F135C8D9BB}.Release|Any CPU.ActiveCfg = Release|Any CPU
		{ADD7E9A3-01D9-416A-8F70-92F135C8D9BB}.Release|Any CPU.Build.0 = Release|Any CPU
		{1E373492-8803-4E8A-BCCF-B97410D66273}.Debug|Any CPU.ActiveCfg = Debug|Any CPU
		{1E373492-8803-4E8A-BCCF-B97410D66273}.Debug|Any CPU.Build.0 = Debug|Any CPU
		{1E373492-8803-4E8A-BCCF-B97410D66273}.Release|Any CPU.ActiveCfg = Release|Any CPU
		{1E373492-8803-4E8A-BCCF-B97410D66273}.Release|Any CPU.Build.0 = Release|Any CPU
		{3079967F-F0C7-4A42-8FB9-66BB458BF647}.Debug|Any CPU.ActiveCfg = Debug|Any CPU
		{3079967F-F0C7-4A42-8FB9-66BB458BF647}.Debug|Any CPU.Build.0 = Debug|Any CPU
		{3079967F-F0C7-4A42-8FB9-66BB458BF647}.Release|Any CPU.ActiveCfg = Release|Any CPU
		{3079967F-F0C7-4A42-8FB9-66BB458BF647}.Release|Any CPU.Build.0 = Release|Any CPU
		{872FD4D6-DCED-4CE7-B28C-A04AC7AC8F90}.Debug|Any CPU.ActiveCfg = Debug|Any CPU
		{872FD4D6-DCED-4CE7-B28C-A04AC7AC8F90}.Debug|Any CPU.Build.0 = Debug|Any CPU
		{872FD4D6-DCED-4CE7-B28C-A04AC7AC8F90}.Release|Any CPU.ActiveCfg = Release|Any CPU
		{872FD4D6-DCED-4CE7-B28C-A04AC7AC8F90}.Release|Any CPU.Build.0 = Release|Any CPU
		{6BC6D0F6-91E8-479F-9B4E-F92661DFB352}.Debug|Any CPU.ActiveCfg = Debug|Any CPU
		{6BC6D0F6-91E8-479F-9B4E-F92661DFB352}.Debug|Any CPU.Build.0 = Debug|Any CPU
		{6BC6D0F6-91E8-479F-9B4E-F92661DFB352}.Release|Any CPU.ActiveCfg = Release|Any CPU
		{6BC6D0F6-91E8-479F-9B4E-F92661DFB352}.Release|Any CPU.Build.0 = Release|Any CPU
		{2F2D1AD6-D3E2-4C4F-8CF5-22954DBE6023}.Debug|Any CPU.ActiveCfg = Debug|Any CPU
		{2F2D1AD6-D3E2-4C4F-8CF5-22954DBE6023}.Debug|Any CPU.Build.0 = Debug|Any CPU
		{2F2D1AD6-D3E2-4C4F-8CF5-22954DBE6023}.Release|Any CPU.ActiveCfg = Release|Any CPU
		{2F2D1AD6-D3E2-4C4F-8CF5-22954DBE6023}.Release|Any CPU.Build.0 = Release|Any CPU
	EndGlobalSection
	GlobalSection(SolutionProperties) = preSolution
		HideSolutionNode = FALSE
	EndGlobalSection
	GlobalSection(ExtensibilityGlobals) = postSolution
		SolutionGuid = {B4DC71F3-7881-478F-9F8D-6BCC3DB1449B}
	EndGlobalSection
EndGlobal
