
Microsoft Visual Studio Solution File, Format Version 12.00
# Visual Studio Version 16
VisualStudioVersion = 16.0.30413.136
MinimumVisualStudioVersion = 10.0.40219.1
Project("{FAE04EC0-301F-11D3-BF4B-00C04F79EFBC}") = "Динамическое изменение размеров", "Динамическое изменение размеров\Динамическое изменение размеров.csproj", "{327232D0-B520-4D4F-918C-AE597B094875}"
EndProject
Global
	GlobalSection(SolutionConfigurationPlatforms) = preSolution
		Debug|Any CPU = Debug|Any CPU
		Release|Any CPU = Release|Any CPU
	EndGlobalSection
	GlobalSection(ProjectConfigurationPlatforms) = postSolution
		{327232D0-B520-4D4F-918C-AE597B094875}.Debug|Any CPU.ActiveCfg = Debug|Any CPU
		{327232D0-B520-4D4F-918C-AE597B094875}.Debug|Any CPU.Build.0 = Debug|Any CPU
		{327232D0-B520-4D4F-918C-AE597B094875}.Release|Any CPU.ActiveCfg = Release|Any CPU
		{327232D0-B520-4D4F-918C-AE597B094875}.Release|Any CPU.Build.0 = Release|Any CPU
	EndGlobalSection
	GlobalSection(SolutionProperties) = preSolution
		HideSolutionNode = FALSE
	EndGlobalSection
	GlobalSection(ExtensibilityGlobals) = postSolution
		SolutionGuid = {A5CA9D89-3405-4766-94CC-75AFE8FA2F2F}
	EndGlobalSection
EndGlobal
