
Microsoft Visual Studio Solution File, Format Version 12.00
# Visual Studio Version 16
VisualStudioVersion = 16.0.30413.136
MinimumVisualStudioVersion = 10.0.40219.1
Project("{FAE04EC0-301F-11D3-BF4B-00C04F79EFBC}") = "Magazin Console", "Magazin Console\Magazin Console.csproj", "{D352DC87-12D8-44BE-8BA1-4E7B641B310C}"
EndProject
Global
	GlobalSection(SolutionConfigurationPlatforms) = preSolution
		Debug|Any CPU = Debug|Any CPU
		Release|Any CPU = Release|Any CPU
	EndGlobalSection
	GlobalSection(ProjectConfigurationPlatforms) = postSolution
		{D352DC87-12D8-44BE-8BA1-4E7B641B310C}.Debug|Any CPU.ActiveCfg = Debug|Any CPU
		{D352DC87-12D8-44BE-8BA1-4E7B641B310C}.Debug|Any CPU.Build.0 = Debug|Any CPU
		{D352DC87-12D8-44BE-8BA1-4E7B641B310C}.Release|Any CPU.ActiveCfg = Release|Any CPU
		{D352DC87-12D8-44BE-8BA1-4E7B641B310C}.Release|Any CPU.Build.0 = Release|Any CPU
	EndGlobalSection
	GlobalSection(SolutionProperties) = preSolution
		HideSolutionNode = FALSE
	EndGlobalSection
	GlobalSection(ExtensibilityGlobals) = postSolution
		SolutionGuid = {5879277B-C0EA-46B8-83F0-4A70EC263756}
	EndGlobalSection
EndGlobal
