
Microsoft Visual Studio Solution File, Format Version 12.00
# Visual Studio Version 16
VisualStudioVersion = 16.0.30413.136
MinimumVisualStudioVersion = 10.0.40219.1
Project("{FAE04EC0-301F-11D3-BF4B-00C04F79EFBC}") = "Farmer", "Farmer\Farmer.csproj", "{91B83CDB-CEC6-4402-A07C-50F4A4E53700}"
EndProject
Global
	GlobalSection(SolutionConfigurationPlatforms) = preSolution
		Debug|Any CPU = Debug|Any CPU
		Release|Any CPU = Release|Any CPU
	EndGlobalSection
	GlobalSection(ProjectConfigurationPlatforms) = postSolution
		{91B83CDB-CEC6-4402-A07C-50F4A4E53700}.Debug|Any CPU.ActiveCfg = Debug|Any CPU
		{91B83CDB-CEC6-4402-A07C-50F4A4E53700}.Debug|Any CPU.Build.0 = Debug|Any CPU
		{91B83CDB-CEC6-4402-A07C-50F4A4E53700}.Release|Any CPU.ActiveCfg = Release|Any CPU
		{91B83CDB-CEC6-4402-A07C-50F4A4E53700}.Release|Any CPU.Build.0 = Release|Any CPU
	EndGlobalSection
	GlobalSection(SolutionProperties) = preSolution
		HideSolutionNode = FALSE
	EndGlobalSection
	GlobalSection(ExtensibilityGlobals) = postSolution
		SolutionGuid = {313626C6-E324-485A-B34F-E2A08D12762F}
	EndGlobalSection
EndGlobal
