
Microsoft Visual Studio Solution File, Format Version 12.00
# Visual Studio Version 16
VisualStudioVersion = 16.0.30406.217
MinimumVisualStudioVersion = 10.0.40219.1
Project("{FAE04EC0-301F-11D3-BF4B-00C04F79EFBC}") = "PracticeUsingIfElse", "PracticeUsingIfElse\PracticeUsingIfElse.csproj", "{72341C82-BD9A-4771-BC1C-FA3BF1C5E2EF}"
EndProject
Global
	GlobalSection(SolutionConfigurationPlatforms) = preSolution
		Debug|Any CPU = Debug|Any CPU
		Release|Any CPU = Release|Any CPU
	EndGlobalSection
	GlobalSection(ProjectConfigurationPlatforms) = postSolution
		{72341C82-BD9A-4771-BC1C-FA3BF1C5E2EF}.Debug|Any CPU.ActiveCfg = Debug|Any CPU
		{72341C82-BD9A-4771-BC1C-FA3BF1C5E2EF}.Debug|Any CPU.Build.0 = Debug|Any CPU
		{72341C82-BD9A-4771-BC1C-FA3BF1C5E2EF}.Release|Any CPU.ActiveCfg = Release|Any CPU
		{72341C82-BD9A-4771-BC1C-FA3BF1C5E2EF}.Release|Any CPU.Build.0 = Release|Any CPU
	EndGlobalSection
	GlobalSection(SolutionProperties) = preSolution
		HideSolutionNode = FALSE
	EndGlobalSection
	GlobalSection(ExtensibilityGlobals) = postSolution
		SolutionGuid = {A60287F7-34B6-46DA-8A47-23C2F163A759}
	EndGlobalSection
EndGlobal
